
Microsoft Visual Studio Solution File, Format Version 12.00
# Visual Studio 15
VisualStudioVersion = 15.0.27703.2018
MinimumVisualStudioVersion = 10.0.40219.1
Project("{FAE04EC0-301F-11D3-BF4B-00C04F79EFBC}") = "delay move picture", "delay move picture\delay move picture.csproj", "{346BC02B-59E3-4743-B685-FDB695EEB5D7}"
EndProject
Global
	GlobalSection(SolutionConfigurationPlatforms) = preSolution
		Debug|Any CPU = Debug|Any CPU
		Release|Any CPU = Release|Any CPU
	EndGlobalSection
	GlobalSection(ProjectConfigurationPlatforms) = postSolution
		{346BC02B-59E3-4743-B685-FDB695EEB5D7}.Debug|Any CPU.ActiveCfg = Debug|Any CPU
		{346BC02B-59E3-4743-B685-FDB695EEB5D7}.Debug|Any CPU.Build.0 = Debug|Any CPU
		{346BC02B-59E3-4743-B685-FDB695EEB5D7}.Release|Any CPU.ActiveCfg = Release|Any CPU
		{346BC02B-59E3-4743-B685-FDB695EEB5D7}.Release|Any CPU.Build.0 = Release|Any CPU
	EndGlobalSection
	GlobalSection(SolutionProperties) = preSolution
		HideSolutionNode = FALSE
	EndGlobalSection
	GlobalSection(ExtensibilityGlobals) = postSolution
		SolutionGuid = {983E153B-BBD0-4858-AD04-9B0F6C22425A}
	EndGlobalSection
EndGlobal
